
Microsoft Visual Studio Solution File, Format Version 12.00
# Visual Studio Version 17
VisualStudioVersion = 17.0.32014.148
MinimumVisualStudioVersion = 10.0.40219.1
Project("{FAE04EC0-301F-11D3-BF4B-00C04F79EFBC}") = "FlashCard.Web.UI", "FlashCard.Web.UI\FlashCard.Web.UI.csproj", "{31984EE7-3D67-46D9-B3A7-CE9B5EC0D827}"
EndProject
Global
	GlobalSection(SolutionConfigurationPlatforms) = preSolution
		Debug|Any CPU = Debug|Any CPU
		Release|Any CPU = Release|Any CPU
	EndGlobalSection
	GlobalSection(ProjectConfigurationPlatforms) = postSolution
		{31984EE7-3D67-46D9-B3A7-CE9B5EC0D827}.Debug|Any CPU.ActiveCfg = Debug|Any CPU
		{31984EE7-3D67-46D9-B3A7-CE9B5EC0D827}.Debug|Any CPU.Build.0 = Debug|Any CPU
		{31984EE7-3D67-46D9-B3A7-CE9B5EC0D827}.Release|Any CPU.ActiveCfg = Release|Any CPU
		{31984EE7-3D67-46D9-B3A7-CE9B5EC0D827}.Release|Any CPU.Build.0 = Release|Any CPU
	EndGlobalSection
	GlobalSection(SolutionProperties) = preSolution
		HideSolutionNode = FALSE
	EndGlobalSection
	GlobalSection(ExtensibilityGlobals) = postSolution
		SolutionGuid = {79DAD4B5-C231-4D0D-8F76-1144AB6C0284}
	EndGlobalSection
EndGlobal
